
Microsoft Visual Studio Solution File, Format Version 12.00
# Visual Studio Version 17
VisualStudioVersion = 17.5.002.0
MinimumVisualStudioVersion = 10.0.40219.1
Project("{9A19103F-16F7-4668-BE54-9A1E7A4F7556}") = "episodio4", "episodio4.csproj", "{732C1FD0-0495-40E2-8748-3B8F0AAD0F45}"
EndProject
Global
	GlobalSection(SolutionConfigurationPlatforms) = preSolution
		Debug|Any CPU = Debug|Any CPU
		Release|Any CPU = Release|Any CPU
	EndGlobalSection
	GlobalSection(ProjectConfigurationPlatforms) = postSolution
		{732C1FD0-0495-40E2-8748-3B8F0AAD0F45}.Debug|Any CPU.ActiveCfg = Debug|Any CPU
		{732C1FD0-0495-40E2-8748-3B8F0AAD0F45}.Debug|Any CPU.Build.0 = Debug|Any CPU
		{732C1FD0-0495-40E2-8748-3B8F0AAD0F45}.Release|Any CPU.ActiveCfg = Release|Any CPU
		{732C1FD0-0495-40E2-8748-3B8F0AAD0F45}.Release|Any CPU.Build.0 = Release|Any CPU
	EndGlobalSection
	GlobalSection(SolutionProperties) = preSolution
		HideSolutionNode = FALSE
	EndGlobalSection
	GlobalSection(ExtensibilityGlobals) = postSolution
		SolutionGuid = {598C7729-917B-4B4F-905B-E212963E27A3}
	EndGlobalSection
EndGlobal
